
Microsoft Visual Studio Solution File, Format Version 12.00
# Visual Studio Version 17
VisualStudioVersion = 17.2.32630.192
MinimumVisualStudioVersion = 10.0.40219.1
Project("{FAE04EC0-301F-11D3-BF4B-00C04F79EFBC}") = "DictionaryWork", "DictionaryWork\DictionaryWork.csproj", "{81AD7500-5914-4627-A2EA-89129E519E11}"
EndProject
Global
	GlobalSection(SolutionConfigurationPlatforms) = preSolution
		Debug|Any CPU = Debug|Any CPU
		Release|Any CPU = Release|Any CPU
	EndGlobalSection
	GlobalSection(ProjectConfigurationPlatforms) = postSolution
		{81AD7500-5914-4627-A2EA-89129E519E11}.Debug|Any CPU.ActiveCfg = Debug|Any CPU
		{81AD7500-5914-4627-A2EA-89129E519E11}.Debug|Any CPU.Build.0 = Debug|Any CPU
		{81AD7500-5914-4627-A2EA-89129E519E11}.Release|Any CPU.ActiveCfg = Release|Any CPU
		{81AD7500-5914-4627-A2EA-89129E519E11}.Release|Any CPU.Build.0 = Release|Any CPU
	EndGlobalSection
	GlobalSection(SolutionProperties) = preSolution
		HideSolutionNode = FALSE
	EndGlobalSection
	GlobalSection(ExtensibilityGlobals) = postSolution
		SolutionGuid = {5132C691-6F49-43A5-936C-A2DFCACF7F41}
	EndGlobalSection
EndGlobal
